
Microsoft Visual Studio Solution File, Format Version 12.00
# Visual Studio Version 16
VisualStudioVersion = 16.0.32630.194
MinimumVisualStudioVersion = 10.0.40219.1
Project("{FAE04EC0-301F-11D3-BF4B-00C04F79EFBC}") = "Pattern - Observer", "Pattern - Observer\Pattern - Observer.csproj", "{2BD49B09-BCA6-4D9C-9F65-C180FE41FFA2}"
EndProject
Global
	GlobalSection(SolutionConfigurationPlatforms) = preSolution
		Debug|Any CPU = Debug|Any CPU
		Release|Any CPU = Release|Any CPU
	EndGlobalSection
	GlobalSection(ProjectConfigurationPlatforms) = postSolution
		{2BD49B09-BCA6-4D9C-9F65-C180FE41FFA2}.Debug|Any CPU.ActiveCfg = Debug|Any CPU
		{2BD49B09-BCA6-4D9C-9F65-C180FE41FFA2}.Debug|Any CPU.Build.0 = Debug|Any CPU
		{2BD49B09-BCA6-4D9C-9F65-C180FE41FFA2}.Release|Any CPU.ActiveCfg = Release|Any CPU
		{2BD49B09-BCA6-4D9C-9F65-C180FE41FFA2}.Release|Any CPU.Build.0 = Release|Any CPU
	EndGlobalSection
	GlobalSection(SolutionProperties) = preSolution
		HideSolutionNode = FALSE
	EndGlobalSection
	GlobalSection(ExtensibilityGlobals) = postSolution
		SolutionGuid = {F7ED1CEB-6C2E-4456-A22B-F7306F6F3331}
	EndGlobalSection
EndGlobal
